
Microsoft Visual Studio Solution File, Format Version 12.00
# Visual Studio Version 17
VisualStudioVersion = 17.1.32414.318
MinimumVisualStudioVersion = 10.0.40219.1
Project("{FAE04EC0-301F-11D3-BF4B-00C04F79EFBC}") = "Client", "Client\Client.csproj", "{1E0C4501-BB1B-4B65-B933-67098F9AA139}"
EndProject
Project("{FAE04EC0-301F-11D3-BF4B-00C04F79EFBC}") = "LatestCSharp", "LatestCSharp\LatestCSharp.csproj", "{69D14ADE-147F-4199-AF65-3573278CE266}"
EndProject
Global
	GlobalSection(SolutionConfigurationPlatforms) = preSolution
		Debug|Any CPU = Debug|Any CPU
		Release|Any CPU = Release|Any CPU
	EndGlobalSection
	GlobalSection(ProjectConfigurationPlatforms) = postSolution
		{1E0C4501-BB1B-4B65-B933-67098F9AA139}.Debug|Any CPU.ActiveCfg = Debug|Any CPU
		{1E0C4501-BB1B-4B65-B933-67098F9AA139}.Debug|Any CPU.Build.0 = Debug|Any CPU
		{1E0C4501-BB1B-4B65-B933-67098F9AA139}.Release|Any CPU.ActiveCfg = Release|Any CPU
		{1E0C4501-BB1B-4B65-B933-67098F9AA139}.Release|Any CPU.Build.0 = Release|Any CPU
		{69D14ADE-147F-4199-AF65-3573278CE266}.Debug|Any CPU.ActiveCfg = Debug|Any CPU
		{69D14ADE-147F-4199-AF65-3573278CE266}.Debug|Any CPU.Build.0 = Debug|Any CPU
		{69D14ADE-147F-4199-AF65-3573278CE266}.Release|Any CPU.ActiveCfg = Release|Any CPU
		{69D14ADE-147F-4199-AF65-3573278CE266}.Release|Any CPU.Build.0 = Release|Any CPU
	EndGlobalSection
	GlobalSection(SolutionProperties) = preSolution
		HideSolutionNode = FALSE
	EndGlobalSection
	GlobalSection(ExtensibilityGlobals) = postSolution
		SolutionGuid = {A44D9383-3B7F-4E5A-B849-1FF1B058E739}
	EndGlobalSection
EndGlobal
